
Microsoft Visual Studio Solution File, Format Version 12.00
# Visual Studio Version 17
VisualStudioVersion = 17.14.36310.24 d17.14
MinimumVisualStudioVersion = 10.0.40219.1
Project("{FAE04EC0-301F-11D3-BF4B-00C04F79EFBC}") = "6tTxtRpg", "6tTxtRpg\6tTxtRpg.csproj", "{07211CA9-EA1E-4569-8EEA-6063F4744F5B}"
EndProject
Global
	GlobalSection(SolutionConfigurationPlatforms) = preSolution
		Debug|Any CPU = Debug|Any CPU
		Release|Any CPU = Release|Any CPU
	EndGlobalSection
	GlobalSection(ProjectConfigurationPlatforms) = postSolution
		{07211CA9-EA1E-4569-8EEA-6063F4744F5B}.Debug|Any CPU.ActiveCfg = Debug|Any CPU
		{07211CA9-EA1E-4569-8EEA-6063F4744F5B}.Debug|Any CPU.Build.0 = Debug|Any CPU
		{07211CA9-EA1E-4569-8EEA-6063F4744F5B}.Release|Any CPU.ActiveCfg = Release|Any CPU
		{07211CA9-EA1E-4569-8EEA-6063F4744F5B}.Release|Any CPU.Build.0 = Release|Any CPU
	EndGlobalSection
	GlobalSection(SolutionProperties) = preSolution
		HideSolutionNode = FALSE
	EndGlobalSection
	GlobalSection(ExtensibilityGlobals) = postSolution
		SolutionGuid = {00D0F306-6B70-49E5-8EB3-B7D921DD96C4}
	EndGlobalSection
EndGlobal
